{
  "originHash" : "stripe-ios-exact-26.8.0",
  "pins" : [
    {
      "identity" : "stripe-ios",
      "kind" : "remoteSourceControl",
      "location" : "https://github.com/stripe/stripe-ios.git",
      "state" : {
        "revision" : "8bdb6365e6d72ac076617c631a088110b7177d0e",
        "version" : "26.8.0"
      }
    }
  ],
  "version" : 3
}
